
Microsoft Visual Studio Solution File, Format Version 12.00
# Visual Studio Version 17
VisualStudioVersion = 17.5.33516.290
MinimumVisualStudioVersion = 10.0.40219.1
Project("{FAE04EC0-301F-11D3-BF4B-00C04F79EFBC}") = "ApiHotReload", "ApiHotReload\ApiHotReload.csproj", "{1A575708-2B82-4C47-9D2C-9A3C02ACF02E}"
EndProject
Global
	GlobalSection(SolutionConfigurationPlatforms) = preSolution
		Debug|Any CPU = Debug|Any CPU
		Release|Any CPU = Release|Any CPU
	EndGlobalSection
	GlobalSection(ProjectConfigurationPlatforms) = postSolution
		{1A575708-2B82-4C47-9D2C-9A3C02ACF02E}.Debug|Any CPU.ActiveCfg = Debug|Any CPU
		{1A575708-2B82-4C47-9D2C-9A3C02ACF02E}.Debug|Any CPU.Build.0 = Debug|Any CPU
		{1A575708-2B82-4C47-9D2C-9A3C02ACF02E}.Release|Any CPU.ActiveCfg = Release|Any CPU
		{1A575708-2B82-4C47-9D2C-9A3C02ACF02E}.Release|Any CPU.Build.0 = Release|Any CPU
	EndGlobalSection
	GlobalSection(SolutionProperties) = preSolution
		HideSolutionNode = FALSE
	EndGlobalSection
	GlobalSection(ExtensibilityGlobals) = postSolution
		SolutionGuid = {A677CD75-AD5E-42B4-B668-1ECBD1DD9546}
	EndGlobalSection
EndGlobal
